schema: '2.0'
stages:
  data_injestion:
    cmd: python src/data_injestion.py
    deps:
    - path: src/data_injestion.py
      hash: md5
      md5: 0467ef2972d523611772572ba248235a
      size: 2025
    outs:
    - path: data/raw
      hash: md5
      md5: 6d7c9717b531961233cd66af69381384.dir
      size: 817597
      nfiles: 2
